// !$*UTF8*$!
{
	archiveVersion = 1;
	classes = {
	};
	objectVersion = 56;
	objects = {

/* Begin PBXBuildFile section */
		D1C84A062DF77A1100760080 /* FakeCallWatchApp.swift in Sources */ = {isa = PBXBuildFile; fileRef = D1C84A052DF77A1100760080 /* FakeCallWatchApp.swift */; };
		D1C84A082DF77A1100760080 /* ContentView.swift in Sources */ = {isa = PBXBuildFile; fileRef = D1C84A072DF77A1100760080 /* ContentView.swift */; };
		D1C84A0A2DF77A1200760080 /* Assets.xcassets in Resources */ = {isa = PBXBuildFile; fileRef = D1C84A092DF77A1200760080 /* Assets.xcassets */; };
		D1C84A0D2DF77A1200760080 /* Preview Assets.xcassets in Resources */ = {isa = PBXBuildFile; fileRef = D1C84A0C2DF77A1200760080 /* Preview Assets.xcassets */; };
		D1C84A132DF77A1200760080 /* FakeCallWatch Watch App.app in Embed Watch Content */ = {isa = PBXBuildFile; fileRef = D1C84A122DF77A1200760080 /* FakeCallWatch Watch App.app */; settings = {ATTRIBUTES = (RemoveHeadersOnCopy, ); }; };
		D1C84A182DF77A1200760080 /* FakeCallWatchApp.swift in Sources */ = {isa = PBXBuildFile; fileRef = D1C84A172DF77A1200760080 /* FakeCallWatchApp.swift */; };
		D1C84A1A2DF77A1200760080 /* ContentView.swift in Sources */ = {isa = PBXBuildFile; fileRef = D1C84A192DF77A1200760080 /* ContentView.swift */; };
		D1C84A1C2DF77A1200760080 /* Assets.xcassets in Resources */ = {isa = PBXBuildFile; fileRef = D1C84A1B2DF77A1200760080 /* Assets.xcassets */; };
		D1C84A1F2DF77A1200760080 /* Preview Assets.xcassets in Resources */ = {isa = PBXBuildFile; fileRef = D1C84A1E2DF77A1200760080 /* Preview Assets.xcassets */; };
		D1C84A2A2DF77CAE00760080 /* WatchSessionDelegate.swift in Sources */ = {isa = PBXBuildFile; fileRef = D1C84A292DF77CAE00760080 /* WatchSessionDelegate.swift */; };
		D1C84A2C2DF8C23C00760080 /* PhoneSessionDelegate.swift in Sources */ = {isa = PBXBuildFile; fileRef = D1C84A2B2DF8C23C00760080 /* PhoneSessionDelegate.swift */; };
		D1C84A2E2DFA1F7D00760080 /* WCSessionDelegate.swift in Sources */ = {isa = PBXBuildFile; fileRef = D1C84A2D2DFA1F7D00760080 /* WCSessionDelegate.swift */; };
		D1C84A302E05E7E500760080 /* FakeCallView.swift in Sources */ = {isa = PBXBuildFile; fileRef = D1C84A2F2E05E7E500760080 /* FakeCallView.swift */; };
		D1C84A322E0B529A00760080 /* MainTabView.swift in Sources */ = {isa = PBXBuildFile; fileRef = D1C84A312E0B529A00760080 /* MainTabView.swift */; };
		D1C84A3A2E1DB94300760080 /* WidgetKit.framework in Frameworks */ = {isa = PBXBuildFile; fileRef = D1C84A392E1DB94300760080 /* WidgetKit.framework */; };
		D1C84A3C2E1DB94300760080 /* SwiftUI.framework in Frameworks */ = {isa = PBXBuildFile; fileRef = D1C84A3B2E1DB94300760080 /* SwiftUI.framework */; };
		D1C84A3F2E1DB94300760080 /* FakeCallComplication.swift in Sources */ = {isa = PBXBuildFile; fileRef = D1C84A3E2E1DB94300760080 /* FakeCallComplication.swift */; };
		D1C84A422E1DB94700760080 /* Assets.xcassets in Resources */ = {isa = PBXBuildFile; fileRef = D1C84A412E1DB94700760080 /* Assets.xcassets */; };
		D1C84A442E1DB94700760080 /* FakeCallComplication.intentdefinition in Sources */ = {isa = PBXBuildFile; fileRef = D1C84A402E1DB94300760080 /* FakeCallComplication.intentdefinition */; };
		D1C84A452E1DB94700760080 /* FakeCallComplication.intentdefinition in Sources */ = {isa = PBXBuildFile; fileRef = D1C84A402E1DB94300760080 /* FakeCallComplication.intentdefinition */; };
		D1C84A482E1DB94700760080 /* FakeCallComplicationExtension.appex in Embed Foundation Extensions */ = {isa = PBXBuildFile; fileRef = D1C84A372E1DB94300760080 /* FakeCallComplicationExtension.appex */; settings = {ATTRIBUTES = (RemoveHeadersOnCopy, ); }; };
/* End PBXBuildFile section */

/* Begin PBXContainerItemProxy section */
		D1C84A142DF77A1200760080 /* PBXContainerItemProxy */ = {
			isa = PBXContainerItemProxy;
			containerPortal = D1C849FA2DF77A1100760080 /* Project object */;
			proxyType = 1;
			remoteGlobalIDString = D1C84A112DF77A1200760080;
			remoteInfo = "FakeCallWatch Watch App";
		};
		D1C84A462E1DB94700760080 /* PBXContainerItemProxy */ = {
			isa = PBXContainerItemProxy;
			containerPortal = D1C849FA2DF77A1100760080 /* Project object */;
			proxyType = 1;
			remoteGlobalIDString = D1C84A362E1DB94300760080;
			remoteInfo = FakeCallComplicationExtension;
		};
/* End PBXContainerItemProxy section */

/* Begin PBXCopyFilesBuildPhase section */
		D1C84A252DF77A1200760080 /* Embed Watch Content */ = {
			isa = PBXCopyFilesBuildPhase;
			buildActionMask = 2147483647;
			dstPath = "$(CONTENTS_FOLDER_PATH)/Watch";
			dstSubfolderSpec = 16;
			files = (
				D1C84A132DF77A1200760080 /* FakeCallWatch Watch App.app in Embed Watch Content */,
			);
			name = "Embed Watch Content";
			runOnlyForDeploymentPostprocessing = 0;
		};
		D1C84A4C2E1DB94700760080 /* Embed Foundation Extensions */ = {
			isa = PBXCopyFilesBuildPhase;
			buildActionMask = 2147483647;
			dstPath = "";
			dstSubfolderSpec = 13;
			files = (
				D1C84A482E1DB94700760080 /* FakeCallComplicationExtension.appex in Embed Foundation Extensions */,
			);
			name = "Embed Foundation Extensions";
			runOnlyForDeploymentPostprocessing = 0;
		};
/* End PBXCopyFilesBuildPhase section */

/* Begin PBXFileReference section */
		D1C84A022DF77A1100760080 /* FakeCallWatch.app */ = {isa = PBXFileReference; explicitFileType = wrapper.application; includeInIndex = 0; path = FakeCallWatch.app; sourceTree = BUILT_PRODUCTS_DIR; };
		D1C84A052DF77A1100760080 /* FakeCallWatchApp.swift */ = {isa = PBXFileReference; lastKnownFileType = sourcecode.swift; path = FakeCallWatchApp.swift; sourceTree = "<group>"; };
		D1C84A072DF77A1100760080 /* ContentView.swift */ = {isa = PBXFileReference; lastKnownFileType = sourcecode.swift; path = ContentView.swift; sourceTree = "<group>"; };
		D1C84A092DF77A1200760080 /* Assets.xcassets */ = {isa = PBXFileReference; lastKnownFileType = folder.assetcatalog; path = Assets.xcassets; sourceTree = "<group>"; };
		D1C84A0C2DF77A1200760080 /* Preview Assets.xcassets */ = {isa = PBXFileReference; lastKnownFileType = folder.assetcatalog; path = "Preview Assets.xcassets"; sourceTree = "<group>"; };
		D1C84A122DF77A1200760080 /* FakeCallWatch Watch App.app */ = {isa = PBXFileReference; explicitFileType = wrapper.application; includeInIndex = 0; path = "FakeCallWatch Watch App.app"; sourceTree = BUILT_PRODUCTS_DIR; };
		D1C84A172DF77A1200760080 /* FakeCallWatchApp.swift */ = {isa = PBXFileReference; lastKnownFileType = sourcecode.swift; path = FakeCallWatchApp.swift; sourceTree = "<group>"; };
		D1C84A192DF77A1200760080 /* ContentView.swift */ = {isa = PBXFileReference; lastKnownFileType = sourcecode.swift; path = ContentView.swift; sourceTree = "<group>"; };
		D1C84A1B2DF77A1200760080 /* Assets.xcassets */ = {isa = PBXFileReference; lastKnownFileType = folder.assetcatalog; path = Assets.xcassets; sourceTree = "<group>"; };
		D1C84A1E2DF77A1200760080 /* Preview Assets.xcassets */ = {isa = PBXFileReference; lastKnownFileType = folder.assetcatalog; path = "Preview Assets.xcassets"; sourceTree = "<group>"; };
		D1C84A292DF77CAE00760080 /* WatchSessionDelegate.swift */ = {isa = PBXFileReference; lastKnownFileType = sourcecode.swift; path = WatchSessionDelegate.swift; sourceTree = "<group>"; };
		D1C84A2B2DF8C23C00760080 /* PhoneSessionDelegate.swift */ = {isa = PBXFileReference; lastKnownFileType = sourcecode.swift; path = PhoneSessionDelegate.swift; sourceTree = "<group>"; };
		D1C84A2D2DFA1F7D00760080 /* WCSessionDelegate.swift */ = {isa = PBXFileReference; lastKnownFileType = sourcecode.swift; path = WCSessionDelegate.swift; sourceTree = "<group>"; };
		D1C84A2F2E05E7E500760080 /* FakeCallView.swift */ = {isa = PBXFileReference; lastKnownFileType = sourcecode.swift; path = FakeCallView.swift; sourceTree = "<group>"; };
		D1C84A312E0B529A00760080 /* MainTabView.swift */ = {isa = PBXFileReference; lastKnownFileType = sourcecode.swift; path = MainTabView.swift; sourceTree = "<group>"; };
		D1C84A372E1DB94300760080 /* FakeCallComplicationExtension.appex */ = {isa = PBXFileReference; explicitFileType = "wrapper.app-extension"; includeInIndex = 0; path = FakeCallComplicationExtension.appex; sourceTree = BUILT_PRODUCTS_DIR; };
		D1C84A392E1DB94300760080 /* WidgetKit.framework */ = {isa = PBXFileReference; lastKnownFileType = wrapper.framework; name = WidgetKit.framework; path = System/Library/Frameworks/WidgetKit.framework; sourceTree = SDKROOT; };
		D1C84A3B2E1DB94300760080 /* SwiftUI.framework */ = {isa = PBXFileReference; lastKnownFileType = wrapper.framework; name = SwiftUI.framework; path = System/Library/Frameworks/SwiftUI.framework; sourceTree = SDKROOT; };
		D1C84A3E2E1DB94300760080 /* FakeCallComplication.swift */ = {isa = PBXFileReference; lastKnownFileType = sourcecode.swift; path = FakeCallComplication.swift; sourceTree = "<group>"; };
		D1C84A402E1DB94300760080 /* FakeCallComplication.intentdefinition */ = {isa = PBXFileReference; lastKnownFileType = file.intentdefinition; path = FakeCallComplication.intentdefinition; sourceTree = "<group>"; };
		D1C84A412E1DB94700760080 /* Assets.xcassets */ = {isa = PBXFileReference; lastKnownFileType = folder.assetcatalog; path = Assets.xcassets; sourceTree = "<group>"; };
		D1C84A432E1DB94700760080 /* Info.plist */ = {isa = PBXFileReference; lastKnownFileType = text.plist.xml; path = Info.plist; sourceTree = "<group>"; };
/* End PBXFileReference section */

/* Begin PBXFrameworksBuildPhase section */
		D1C849FF2DF77A1100760080 /* Frameworks */ = {
			isa = PBXFrameworksBuildPhase;
			buildActionMask = 2147483647;
			files = (
			);
			runOnlyForDeploymentPostprocessing = 0;
		};
		D1C84A0F2DF77A1200760080 /* Frameworks */ = {
			isa = PBXFrameworksBuildPhase;
			buildActionMask = 2147483647;
			files = (
			);
			runOnlyForDeploymentPostprocessing = 0;
		};
		D1C84A342E1DB94300760080 /* Frameworks */ = {
			isa = PBXFrameworksBuildPhase;
			buildActionMask = 2147483647;
			files = (
				D1C84A3C2E1DB94300760080 /* SwiftUI.framework in Frameworks */,
				D1C84A3A2E1DB94300760080 /* WidgetKit.framework in Frameworks */,
			);
			runOnlyForDeploymentPostprocessing = 0;
		};
/* End PBXFrameworksBuildPhase section */

/* Begin PBXGroup section */
		D1C849F92DF77A1100760080 = {
			isa = PBXGroup;
			children = (
				D1C84A042DF77A1100760080 /* FakeCallWatch */,
				D1C84A162DF77A1200760080 /* FakeCallWatch Watch App */,
				D1C84A3D2E1DB94300760080 /* FakeCallComplication */,
				D1C84A382E1DB94300760080 /* Frameworks */,
				D1C84A032DF77A1100760080 /* Products */,
			);
			sourceTree = "<group>";
		};
		D1C84A032DF77A1100760080 /* Products */ = {
			isa = PBXGroup;
			children = (
				D1C84A022DF77A1100760080 /* FakeCallWatch.app */,
				D1C84A122DF77A1200760080 /* FakeCallWatch Watch App.app */,
				D1C84A372E1DB94300760080 /* FakeCallComplicationExtension.appex */,
			);
			name = Products;
			sourceTree = "<group>";
		};
		D1C84A042DF77A1100760080 /* FakeCallWatch */ = {
			isa = PBXGroup;
			children = (
				D1C84A052DF77A1100760080 /* FakeCallWatchApp.swift */,
				D1C84A072DF77A1100760080 /* ContentView.swift */,
				D1C84A092DF77A1200760080 /* Assets.xcassets */,
				D1C84A0B2DF77A1200760080 /* Preview Content */,
				D1C84A2B2DF8C23C00760080 /* PhoneSessionDelegate.swift */,
				D1C84A2D2DFA1F7D00760080 /* WCSessionDelegate.swift */,
				D1C84A2F2E05E7E500760080 /* FakeCallView.swift */,
			);
			path = FakeCallWatch;
			sourceTree = "<group>";
		};
		D1C84A0B2DF77A1200760080 /* Preview Content */ = {
			isa = PBXGroup;
			children = (
				D1C84A0C2DF77A1200760080 /* Preview Assets.xcassets */,
			);
			path = "Preview Content";
			sourceTree = "<group>";
		};
		D1C84A162DF77A1200760080 /* FakeCallWatch Watch App */ = {
			isa = PBXGroup;
			children = (
				D1C84A172DF77A1200760080 /* FakeCallWatchApp.swift */,
				D1C84A192DF77A1200760080 /* ContentView.swift */,
				D1C84A292DF77CAE00760080 /* WatchSessionDelegate.swift */,
				D1C84A1B2DF77A1200760080 /* Assets.xcassets */,
				D1C84A1D2DF77A1200760080 /* Preview Content */,
				D1C84A312E0B529A00760080 /* MainTabView.swift */,
			);
			path = "FakeCallWatch Watch App";
			sourceTree = "<group>";
		};
		D1C84A1D2DF77A1200760080 /* Preview Content */ = {
			isa = PBXGroup;
			children = (
				D1C84A1E2DF77A1200760080 /* Preview Assets.xcassets */,
			);
			path = "Preview Content";
			sourceTree = "<group>";
		};
		D1C84A382E1DB94300760080 /* Frameworks */ = {
			isa = PBXGroup;
			children = (
				D1C84A392E1DB94300760080 /* WidgetKit.framework */,
				D1C84A3B2E1DB94300760080 /* SwiftUI.framework */,
			);
			name = Frameworks;
			sourceTree = "<group>";
		};
		D1C84A3D2E1DB94300760080 /* FakeCallComplication */ = {
			isa = PBXGroup;
			children = (
				D1C84A3E2E1DB94300760080 /* FakeCallComplication.swift */,
				D1C84A402E1DB94300760080 /* FakeCallComplication.intentdefinition */,
				D1C84A412E1DB94700760080 /* Assets.xcassets */,
				D1C84A432E1DB94700760080 /* Info.plist */,
			);
			path = FakeCallComplication;
			sourceTree = "<group>";
		};
/* End PBXGroup section */

/* Begin PBXNativeTarget section */
		D1C84A012DF77A1100760080 /* FakeCallWatch */ = {
			isa = PBXNativeTarget;
			buildConfigurationList = D1C84A262DF77A1200760080 /* Build configuration list for PBXNativeTarget "FakeCallWatch" */;
			buildPhases = (
				D1C849FE2DF77A1100760080 /* Sources */,
				D1C849FF2DF77A1100760080 /* Frameworks */,
				D1C84A002DF77A1100760080 /* Resources */,
				D1C84A252DF77A1200760080 /* Embed Watch Content */,
			);
			buildRules = (
			);
			dependencies = (
				D1C84A152DF77A1200760080 /* PBXTargetDependency */,
			);
			name = FakeCallWatch;
			productName = FakeCallWatch;
			productReference = D1C84A022DF77A1100760080 /* FakeCallWatch.app */;
			productType = "com.apple.product-type.application";
		};
		D1C84A112DF77A1200760080 /* FakeCallWatch Watch App */ = {
			isa = PBXNativeTarget;
			buildConfigurationList = D1C84A222DF77A1200760080 /* Build configuration list for PBXNativeTarget "FakeCallWatch Watch App" */;
			buildPhases = (
				D1C84A0E2DF77A1200760080 /* Sources */,
				D1C84A0F2DF77A1200760080 /* Frameworks */,
				D1C84A102DF77A1200760080 /* Resources */,
				D1C84A4C2E1DB94700760080 /* Embed Foundation Extensions */,
			);
			buildRules = (
			);
			dependencies = (
				D1C84A472E1DB94700760080 /* PBXTargetDependency */,
			);
			name = "FakeCallWatch Watch App";
			productName = "FakeCallWatch Watch App";
			productReference = D1C84A122DF77A1200760080 /* FakeCallWatch Watch App.app */;
			productType = "com.apple.product-type.application";
		};
		D1C84A362E1DB94300760080 /* FakeCallComplicationExtension */ = {
			isa = PBXNativeTarget;
			buildConfigurationList = D1C84A492E1DB94700760080 /* Build configuration list for PBXNativeTarget "FakeCallComplicationExtension" */;
			buildPhases = (
				D1C84A332E1DB94300760080 /* Sources */,
				D1C84A342E1DB94300760080 /* Frameworks */,
				D1C84A352E1DB94300760080 /* Resources */,
			);
			buildRules = (
			);
			dependencies = (
			);
			name = FakeCallComplicationExtension;
			productName = FakeCallComplicationExtension;
			productReference = D1C84A372E1DB94300760080 /* FakeCallComplicationExtension.appex */;
			productType = "com.apple.product-type.app-extension";
		};
/* End PBXNativeTarget section */

/* Begin PBXProject section */
		D1C849FA2DF77A1100760080 /* Project object */ = {
			isa = PBXProject;
			attributes = {
				BuildIndependentTargetsInParallel = 1;
				LastSwiftUpdateCheck = 1430;
				LastUpgradeCheck = 1430;
				TargetAttributes = {
					D1C84A012DF77A1100760080 = {
						CreatedOnToolsVersion = 14.3.1;
					};
					D1C84A112DF77A1200760080 = {
						CreatedOnToolsVersion = 14.3.1;
					};
					D1C84A362E1DB94300760080 = {
						CreatedOnToolsVersion = 14.3.1;
					};
				};
			};
			buildConfigurationList = D1C849FD2DF77A1100760080 /* Build configuration list for PBXProject "FakeCallWatch" */;
			compatibilityVersion = "Xcode 14.0";
			developmentRegion = en;
			hasScannedForEncodings = 0;
			knownRegions = (
				en,
				Base,
			);
			mainGroup = D1C849F92DF77A1100760080;
			productRefGroup = D1C84A032DF77A1100760080 /* Products */;
			projectDirPath = "";
			projectRoot = "";
			targets = (
				D1C84A012DF77A1100760080 /* FakeCallWatch */,
				D1C84A112DF77A1200760080 /* FakeCallWatch Watch App */,
				D1C84A362E1DB94300760080 /* FakeCallComplicationExtension */,
			);
		};
/* End PBXProject section */

/* Begin PBXResourcesBuildPhase section */
		D1C84A002DF77A1100760080 /* Resources */ = {
			isa = PBXResourcesBuildPhase;
			buildActionMask = 2147483647;
			files = (
				D1C84A0D2DF77A1200760080 /* Preview Assets.xcassets in Resources */,
				D1C84A0A2DF77A1200760080 /* Assets.xcassets in Resources */,
			);
			runOnlyForDeploymentPostprocessing = 0;
		};
		D1C84A102DF77A1200760080 /* Resources */ = {
			isa = PBXResourcesBuildPhase;
			buildActionMask = 2147483647;
			files = (
				D1C84A1F2DF77A1200760080 /* Preview Assets.xcassets in Resources */,
				D1C84A1C2DF77A1200760080 /* Assets.xcassets in Resources */,
			);
			runOnlyForDeploymentPostprocessing = 0;
		};
		D1C84A352E1DB94300760080 /* Resources */ = {
			isa = PBXResourcesBuildPhase;
			buildActionMask = 2147483647;
			files = (
				D1C84A422E1DB94700760080 /* Assets.xcassets in Resources */,
			);
			runOnlyForDeploymentPostprocessing = 0;
		};
/* End PBXResourcesBuildPhase section */

/* Begin PBXSourcesBuildPhase section */
		D1C849FE2DF77A1100760080 /* Sources */ = {
			isa = PBXSourcesBuildPhase;
			buildActionMask = 2147483647;
			files = (
				D1C84A302E05E7E500760080 /* FakeCallView.swift in Sources */,
				D1C84A2C2DF8C23C00760080 /* PhoneSessionDelegate.swift in Sources */,
				D1C84A082DF77A1100760080 /* ContentView.swift in Sources */,
				D1C84A062DF77A1100760080 /* FakeCallWatchApp.swift in Sources */,
				D1C84A2E2DFA1F7D00760080 /* WCSessionDelegate.swift in Sources */,
			);
			runOnlyForDeploymentPostprocessing = 0;
		};
		D1C84A0E2DF77A1200760080 /* Sources */ = {
			isa = PBXSourcesBuildPhase;
			buildActionMask = 2147483647;
			files = (
				D1C84A1A2DF77A1200760080 /* ContentView.swift in Sources */,
				D1C84A2A2DF77CAE00760080 /* WatchSessionDelegate.swift in Sources */,
				D1C84A452E1DB94700760080 /* FakeCallComplication.intentdefinition in Sources */,
				D1C84A182DF77A1200760080 /* FakeCallWatchApp.swift in Sources */,
				D1C84A322E0B529A00760080 /* MainTabView.swift in Sources */,
			);
			runOnlyForDeploymentPostprocessing = 0;
		};
		D1C84A332E1DB94300760080 /* Sources */ = {
			isa = PBXSourcesBuildPhase;
			buildActionMask = 2147483647;
			files = (
				D1C84A3F2E1DB94300760080 /* FakeCallComplication.swift in Sources */,
				D1C84A442E1DB94700760080 /* FakeCallComplication.intentdefinition in Sources */,
			);
			runOnlyForDeploymentPostprocessing = 0;
		};
/* End PBXSourcesBuildPhase section */

/* Begin PBXTargetDependency section */
		D1C84A152DF77A1200760080 /* PBXTargetDependency */ = {
			isa = PBXTargetDependency;
			target = D1C84A112DF77A1200760080 /* FakeCallWatch Watch App */;
			targetProxy = D1C84A142DF77A1200760080 /* PBXContainerItemProxy */;
		};
		D1C84A472E1DB94700760080 /* PBXTargetDependency */ = {
			isa = PBXTargetDependency;
			target = D1C84A362E1DB94300760080 /* FakeCallComplicationExtension */;
			targetProxy = D1C84A462E1DB94700760080 /* PBXContainerItemProxy */;
		};
/* End PBXTargetDependency section */

/* Begin XCBuildConfiguration section */
		D1C84A202DF77A1200760080 /* Debug */ = {
			isa = XCBuildConfiguration;
			buildSettings = {
				ALWAYS_SEARCH_USER_PATHS = NO;
				CLANG_ANALYZER_NONNULL = YES;
				CLANG_ANALYZER_NUMBER_OBJECT_CONVERSION = YES_AGGRESSIVE;
				CLANG_CXX_LANGUAGE_STANDARD = "gnu++20";
				CLANG_ENABLE_MODULES = YES;
				CLANG_ENABLE_OBJC_ARC = YES;
				CLANG_ENABLE_OBJC_WEAK = YES;
				CLANG_WARN_BLOCK_CAPTURE_AUTORELEASING = YES;
				CLANG_WARN_BOOL_CONVERSION = YES;
				CLANG_WARN_COMMA = YES;
				CLANG_WARN_CONSTANT_CONVERSION = YES;
				CLANG_WARN_DEPRECATED_OBJC_IMPLEMENTATIONS = YES;
				CLANG_WARN_DIRECT_OBJC_ISA_USAGE = YES_ERROR;
				CLANG_WARN_DOCUMENTATION_COMMENTS = YES;
				CLANG_WARN_EMPTY_BODY = YES;
				CLANG_WARN_ENUM_CONVERSION = YES;
				CLANG_WARN_INFINITE_RECURSION = YES;
				CLANG_WARN_INT_CONVERSION = YES;
				CLANG_WARN_NON_LITERAL_NULL_CONVERSION = YES;
				CLANG_WARN_OBJC_IMPLICIT_RETAIN_SELF = YES;
				CLANG_WARN_OBJC_LITERAL_CONVERSION = YES;
				CLANG_WARN_OBJC_ROOT_CLASS = YES_ERROR;
				CLANG_WARN_QUOTED_INCLUDE_IN_FRAMEWORK_HEADER = YES;
				CLANG_WARN_RANGE_LOOP_ANALYSIS = YES;
				CLANG_WARN_STRICT_PROTOTYPES = YES;
				CLANG_WARN_SUSPICIOUS_MOVE = YES;
				CLANG_WARN_UNGUARDED_AVAILABILITY = YES_AGGRESSIVE;
				CLANG_WARN_UNREACHABLE_CODE = YES;
				CLANG_WARN__DUPLICATE_METHOD_MATCH = YES;
				COPY_PHASE_STRIP = NO;
				DEBUG_INFORMATION_FORMAT = dwarf;
				ENABLE_STRICT_OBJC_MSGSEND = YES;
				ENABLE_TESTABILITY = YES;
				GCC_C_LANGUAGE_STANDARD = gnu11;
				GCC_DYNAMIC_NO_PIC = NO;
				GCC_NO_COMMON_BLOCKS = YES;
				GCC_OPTIMIZATION_LEVEL = 0;
				GCC_PREPROCESSOR_DEFINITIONS = (
					"DEBUG=1",
					"$(inherited)",
				);
				GCC_WARN_64_TO_32_BIT_CONVERSION = YES;
				GCC_WARN_ABOUT_RETURN_TYPE = YES_ERROR;
				GCC_WARN_UNDECLARED_SELECTOR = YES;
				GCC_WARN_UNINITIALIZED_AUTOS = YES_AGGRESSIVE;
				GCC_WARN_UNUSED_FUNCTION = YES;
				GCC_WARN_UNUSED_VARIABLE = YES;
				MTL_ENABLE_DEBUG_INFO = INCLUDE_SOURCE;
				MTL_FAST_MATH = YES;
				ONLY_ACTIVE_ARCH = YES;
				SWIFT_ACTIVE_COMPILATION_CONDITIONS = DEBUG;
				SWIFT_OPTIMIZATION_LEVEL = "-Onone";
			};
			name = Debug;
		};
		D1C84A212DF77A1200760080 /* Release */ = {
			isa = XCBuildConfiguration;
			buildSettings = {
				ALWAYS_SEARCH_USER_PATHS = NO;
				CLANG_ANALYZER_NONNULL = YES;
				CLANG_ANALYZER_NUMBER_OBJECT_CONVERSION = YES_AGGRESSIVE;
				CLANG_CXX_LANGUAGE_STANDARD = "gnu++20";
				CLANG_ENABLE_MODULES = YES;
				CLANG_ENABLE_OBJC_ARC = YES;
				CLANG_ENABLE_OBJC_WEAK = YES;
				CLANG_WARN_BLOCK_CAPTURE_AUTORELEASING = YES;
				CLANG_WARN_BOOL_CONVERSION = YES;
				CLANG_WARN_COMMA = YES;
				CLANG_WARN_CONSTANT_CONVERSION = YES;
				CLANG_WARN_DEPRECATED_OBJC_IMPLEMENTATIONS = YES;
				CLANG_WARN_DIRECT_OBJC_ISA_USAGE = YES_ERROR;
				CLANG_WARN_DOCUMENTATION_COMMENTS = YES;
				CLANG_WARN_EMPTY_BODY = YES;
				CLANG_WARN_ENUM_CONVERSION = YES;
				CLANG_WARN_INFINITE_RECURSION = YES;
				CLANG_WARN_INT_CONVERSION = YES;
				CLANG_WARN_NON_LITERAL_NULL_CONVERSION = YES;
				CLANG_WARN_OBJC_IMPLICIT_RETAIN_SELF = YES;
				CLANG_WARN_OBJC_LITERAL_CONVERSION = YES;
				CLANG_WARN_OBJC_ROOT_CLASS = YES_ERROR;
				CLANG_WARN_QUOTED_INCLUDE_IN_FRAMEWORK_HEADER = YES;
				CLANG_WARN_RANGE_LOOP_ANALYSIS = YES;
				CLANG_WARN_STRICT_PROTOTYPES = YES;
				CLANG_WARN_SUSPICIOUS_MOVE = YES;
				CLANG_WARN_UNGUARDED_AVAILABILITY = YES_AGGRESSIVE;
				CLANG_WARN_UNREACHABLE_CODE = YES;
				CLANG_WARN__DUPLICATE_METHOD_MATCH = YES;
				COPY_PHASE_STRIP = NO;
				DEBUG_INFORMATION_FORMAT = "dwarf-with-dsym";
				ENABLE_NS_ASSERTIONS = NO;
				ENABLE_STRICT_OBJC_MSGSEND = YES;
				GCC_C_LANGUAGE_STANDARD = gnu11;
				GCC_NO_COMMON_BLOCKS = YES;
				GCC_WARN_64_TO_32_BIT_CONVERSION = YES;
				GCC_WARN_ABOUT_RETURN_TYPE = YES_ERROR;
				GCC_WARN_UNDECLARED_SELECTOR = YES;
				GCC_WARN_UNINITIALIZED_AUTOS = YES_AGGRESSIVE;
				GCC_WARN_UNUSED_FUNCTION = YES;
				GCC_WARN_UNUSED_VARIABLE = YES;
				MTL_ENABLE_DEBUG_INFO = NO;
				MTL_FAST_MATH = YES;
				SWIFT_COMPILATION_MODE = wholemodule;
				SWIFT_OPTIMIZATION_LEVEL = "-O";
			};
			name = Release;
		};
		D1C84A232DF77A1200760080 /* Debug */ = {
			isa = XCBuildConfiguration;
			buildSettings = {
				ALWAYS_EMBED_SWIFT_STANDARD_LIBRARIES = YES;
				ASSETCATALOG_COMPILER_APPICON_NAME = AppIcon;
				ASSETCATALOG_COMPILER_GLOBAL_ACCENT_COLOR_NAME = AccentColor;
				CODE_SIGN_STYLE = Automatic;
				CURRENT_PROJECT_VERSION = 1;
				DEVELOPMENT_ASSET_PATHS = "\"FakeCallWatch Watch App/Preview Content\"";
				ENABLE_PREVIEWS = YES;
				GENERATE_INFOPLIST_FILE = YES;
				INFOPLIST_KEY_CFBundleDisplayName = FakeCallWatch;
				INFOPLIST_KEY_UISupportedInterfaceOrientations = "UIInterfaceOrientationPortrait UIInterfaceOrientationPortraitUpsideDown";
				INFOPLIST_KEY_WKCompanionAppBundleIdentifier = com.jacobh.FakeCallWatch;
				LD_RUNPATH_SEARCH_PATHS = (
					"$(inherited)",
					"@executable_path/Frameworks",
				);
				MARKETING_VERSION = 1.0;
				PRODUCT_BUNDLE_IDENTIFIER = com.jacobh.FakeCallWatch.watchkitapp;
				PRODUCT_NAME = "$(TARGET_NAME)";
				SDKROOT = watchos;
				SKIP_INSTALL = YES;
				SWIFT_EMIT_LOC_STRINGS = YES;
				SWIFT_VERSION = 5.0;
				TARGETED_DEVICE_FAMILY = 4;
				WATCHOS_DEPLOYMENT_TARGET = 9.4;
			};
			name = Debug;
		};
		D1C84A242DF77A1200760080 /* Release */ = {
			isa = XCBuildConfiguration;
			buildSettings = {
				ALWAYS_EMBED_SWIFT_STANDARD_LIBRARIES = YES;
				ASSETCATALOG_COMPILER_APPICON_NAME = AppIcon;
				ASSETCATALOG_COMPILER_GLOBAL_ACCENT_COLOR_NAME = AccentColor;
				CODE_SIGN_STYLE = Automatic;
				CURRENT_PROJECT_VERSION = 1;
				DEVELOPMENT_ASSET_PATHS = "\"FakeCallWatch Watch App/Preview Content\"";
				ENABLE_PREVIEWS = YES;
				GENERATE_INFOPLIST_FILE = YES;
				INFOPLIST_KEY_CFBundleDisplayName = FakeCallWatch;
				INFOPLIST_KEY_UISupportedInterfaceOrientations = "UIInterfaceOrientationPortrait UIInterfaceOrientationPortraitUpsideDown";
				INFOPLIST_KEY_WKCompanionAppBundleIdentifier = com.jacobh.FakeCallWatch;
				LD_RUNPATH_SEARCH_PATHS = (
					"$(inherited)",
					"@executable_path/Frameworks",
				);
				MARKETING_VERSION = 1.0;
				PRODUCT_BUNDLE_IDENTIFIER = com.jacobh.FakeCallWatch.watchkitapp;
				PRODUCT_NAME = "$(TARGET_NAME)";
				SDKROOT = watchos;
				SKIP_INSTALL = YES;
				SWIFT_EMIT_LOC_STRINGS = YES;
				SWIFT_VERSION = 5.0;
				TARGETED_DEVICE_FAMILY = 4;
				VALIDATE_PRODUCT = YES;
				WATCHOS_DEPLOYMENT_TARGET = 9.4;
			};
			name = Release;
		};
		D1C84A272DF77A1200760080 /* Debug */ = {
			isa = XCBuildConfiguration;
			buildSettings = {
				ALWAYS_EMBED_SWIFT_STANDARD_LIBRARIES = YES;
				ASSETCATALOG_COMPILER_APPICON_NAME = AppIcon;
				ASSETCATALOG_COMPILER_GLOBAL_ACCENT_COLOR_NAME = AccentColor;
				CODE_SIGN_STYLE = Automatic;
				CURRENT_PROJECT_VERSION = 1;
				DEVELOPMENT_ASSET_PATHS = "\"FakeCallWatch/Preview Content\"";
				ENABLE_PREVIEWS = YES;
				GENERATE_INFOPLIST_FILE = YES;
				INFOPLIST_KEY_CFBundleDisplayName = FakeCallWatch;
				INFOPLIST_KEY_UIApplicationSceneManifest_Generation = YES;
				INFOPLIST_KEY_UIApplicationSupportsIndirectInputEvents = YES;
				INFOPLIST_KEY_UILaunchScreen_Generation = YES;
				INFOPLIST_KEY_UISupportedInterfaceOrientations_iPad = "UIInterfaceOrientationPortrait UIInterfaceOrientationPortraitUpsideDown UIInterfaceOrientationLandscapeLeft UIInterfaceOrientationLandscapeRight";
				INFOPLIST_KEY_UISupportedInterfaceOrientations_iPhone = "UIInterfaceOrientationPortrait UIInterfaceOrientationLandscapeLeft UIInterfaceOrientationLandscapeRight";
				IPHONEOS_DEPLOYMENT_TARGET = 16.4;
				LD_RUNPATH_SEARCH_PATHS = (
					"$(inherited)",
					"@executable_path/Frameworks",
				);
				MARKETING_VERSION = 1.0;
				PRODUCT_BUNDLE_IDENTIFIER = com.jacobh.FakeCallWatch;
				PRODUCT_NAME = "$(TARGET_NAME)";
				SDKROOT = iphoneos;
				SWIFT_EMIT_LOC_STRINGS = YES;
				SWIFT_VERSION = 5.0;
				TARGETED_DEVICE_FAMILY = "1,2";
			};
			name = Debug;
		};
		D1C84A282DF77A1200760080 /* Release */ = {
			isa = XCBuildConfiguration;
			buildSettings = {
				ALWAYS_EMBED_SWIFT_STANDARD_LIBRARIES = YES;
				ASSETCATALOG_COMPILER_APPICON_NAME = AppIcon;
				ASSETCATALOG_COMPILER_GLOBAL_ACCENT_COLOR_NAME = AccentColor;
				CODE_SIGN_STYLE = Automatic;
				CURRENT_PROJECT_VERSION = 1;
				DEVELOPMENT_ASSET_PATHS = "\"FakeCallWatch/Preview Content\"";
				ENABLE_PREVIEWS = YES;
				GENERATE_INFOPLIST_FILE = YES;
				INFOPLIST_KEY_CFBundleDisplayName = FakeCallWatch;
				INFOPLIST_KEY_UIApplicationSceneManifest_Generation = YES;
				INFOPLIST_KEY_UIApplicationSupportsIndirectInputEvents = YES;
				INFOPLIST_KEY_UILaunchScreen_Generation = YES;
				INFOPLIST_KEY_UISupportedInterfaceOrientations_iPad = "UIInterfaceOrientationPortrait UIInterfaceOrientationPortraitUpsideDown UIInterfaceOrientationLandscapeLeft UIInterfaceOrientationLandscapeRight";
				INFOPLIST_KEY_UISupportedInterfaceOrientations_iPhone = "UIInterfaceOrientationPortrait UIInterfaceOrientationLandscapeLeft UIInterfaceOrientationLandscapeRight";
				IPHONEOS_DEPLOYMENT_TARGET = 16.4;
				LD_RUNPATH_SEARCH_PATHS = (
					"$(inherited)",
					"@executable_path/Frameworks",
				);
				MARKETING_VERSION = 1.0;
				PRODUCT_BUNDLE_IDENTIFIER = com.jacobh.FakeCallWatch;
				PRODUCT_NAME = "$(TARGET_NAME)";
				SDKROOT = iphoneos;
				SWIFT_EMIT_LOC_STRINGS = YES;
				SWIFT_VERSION = 5.0;
				TARGETED_DEVICE_FAMILY = "1,2";
				VALIDATE_PRODUCT = YES;
			};
			name = Release;
		};
		D1C84A4A2E1DB94700760080 /* Debug */ = {
			isa = XCBuildConfiguration;
			buildSettings = {
				ASSETCATALOG_COMPILER_GLOBAL_ACCENT_COLOR_NAME = AccentColor;
				ASSETCATALOG_COMPILER_WIDGET_BACKGROUND_COLOR_NAME = WidgetBackground;
				CODE_SIGN_STYLE = Automatic;
				CURRENT_PROJECT_VERSION = 1;
				GENERATE_INFOPLIST_FILE = YES;
				INFOPLIST_FILE = FakeCallComplication/Info.plist;
				INFOPLIST_KEY_CFBundleDisplayName = FakeCallComplication;
				INFOPLIST_KEY_NSHumanReadableCopyright = "";
				LD_RUNPATH_SEARCH_PATHS = (
					"$(inherited)",
					"@executable_path/Frameworks",
					"@executable_path/../../Frameworks",
					"@executable_path/../../../../Frameworks",
				);
				MARKETING_VERSION = 1.0;
				PRODUCT_BUNDLE_IDENTIFIER = com.jacobh.FakeCallWatch.watchkitapp.FakeCallComplication;
				PRODUCT_NAME = "$(TARGET_NAME)";
				SDKROOT = watchos;
				SKIP_INSTALL = YES;
				SWIFT_EMIT_LOC_STRINGS = YES;
				SWIFT_VERSION = 5.0;
				TARGETED_DEVICE_FAMILY = 4;
				WATCHOS_DEPLOYMENT_TARGET = 9.4;
			};
			name = Debug;
		};
		D1C84A4B2E1DB94700760080 /* Release */ = {
			isa = XCBuildConfiguration;
			buildSettings = {
				ASSETCATALOG_COMPILER_GLOBAL_ACCENT_COLOR_NAME = AccentColor;
				ASSETCATALOG_COMPILER_WIDGET_BACKGROUND_COLOR_NAME = WidgetBackground;
				CODE_SIGN_STYLE = Automatic;
				CURRENT_PROJECT_VERSION = 1;
				GENERATE_INFOPLIST_FILE = YES;
				INFOPLIST_FILE = FakeCallComplication/Info.plist;
				INFOPLIST_KEY_CFBundleDisplayName = FakeCallComplication;
				INFOPLIST_KEY_NSHumanReadableCopyright = "";
				LD_RUNPATH_SEARCH_PATHS = (
					"$(inherited)",
					"@executable_path/Frameworks",
					"@executable_path/../../Frameworks",
					"@executable_path/../../../../Frameworks",
				);
				MARKETING_VERSION = 1.0;
				PRODUCT_BUNDLE_IDENTIFIER = com.jacobh.FakeCallWatch.watchkitapp.FakeCallComplication;
				PRODUCT_NAME = "$(TARGET_NAME)";
				SDKROOT = watchos;
				SKIP_INSTALL = YES;
				SWIFT_EMIT_LOC_STRINGS = YES;
				SWIFT_VERSION = 5.0;
				TARGETED_DEVICE_FAMILY = 4;
				VALIDATE_PRODUCT = YES;
				WATCHOS_DEPLOYMENT_TARGET = 9.4;
			};
			name = Release;
		};
/* End XCBuildConfiguration section */

/* Begin XCConfigurationList section */
		D1C849FD2DF77A1100760080 /* Build configuration list for PBXProject "FakeCallWatch" */ = {
			isa = XCConfigurationList;
			buildConfigurations = (
				D1C84A202DF77A1200760080 /* Debug */,
				D1C84A212DF77A1200760080 /* Release */,
			);
			defaultConfigurationIsVisible = 0;
			defaultConfigurationName = Release;
		};
		D1C84A222DF77A1200760080 /* Build configuration list for PBXNativeTarget "FakeCallWatch Watch App" */ = {
			isa = XCConfigurationList;
			buildConfigurations = (
				D1C84A232DF77A1200760080 /* Debug */,
				D1C84A242DF77A1200760080 /* Release */,
			);
			defaultConfigurationIsVisible = 0;
			defaultConfigurationName = Release;
		};
		D1C84A262DF77A1200760080 /* Build configuration list for PBXNativeTarget "FakeCallWatch" */ = {
			isa = XCConfigurationList;
			buildConfigurations = (
				D1C84A272DF77A1200760080 /* Debug */,
				D1C84A282DF77A1200760080 /* Release */,
			);
			defaultConfigurationIsVisible = 0;
			defaultConfigurationName = Release;
		};
		D1C84A492E1DB94700760080 /* Build configuration list for PBXNativeTarget "FakeCallComplicationExtension" */ = {
			isa = XCConfigurationList;
			buildConfigurations = (
				D1C84A4A2E1DB94700760080 /* Debug */,
				D1C84A4B2E1DB94700760080 /* Release */,
			);
			defaultConfigurationIsVisible = 0;
			defaultConfigurationName = Release;
		};
/* End XCConfigurationList section */
	};
	rootObject = D1C849FA2DF77A1100760080 /* Project object */;
}
